# This file is autogenerated, do not edit; changes may be undone by the next 'dep ensure'.


[[projects]]
  branch = "master"
  name = "github.com/go-gl/gl"
  packages = ["v2.1/gl","v3.2-core/gl"]
  revision = "68e2537930806bfcee1b92a0e14b4e9b8bb3a3e3"

[[projects]]
  branch = "master"
  name = "github.com/go-gl/glfw"
  packages = ["v3.2/glfw"]
  revision = "46a8d530c3268b31eeb1310f30fe42be1cae98f2"

[[projects]]
  branch = "master"
  name = "github.com/go-gl/mathgl"
  packages = ["mgl32"]
  revision = "5ab0e04e1f55a10f3a71b1fccc60ca2ee9a0bc02"

[[projects]]
  branch = "master"
  name = "github.com/golang-ui/nuklear"
  packages = ["nk"]
  revision = "4cfd78fa959792703073c66edb2bd18064245ffa"

[[projects]]
  branch = "master"
  name = "github.com/golang/freetype"
  packages = [".","raster","truetype"]
  revision = "e2365dfdc4a05e4b8299a783240d4a7d5a65d4e4"

[[projects]]
  name = "github.com/pkg/profile"
  packages = ["."]
  revision = "5b67d428864e92711fcbd2f8629456121a56d91f"
  version = "v1.2.1"

[[projects]]
  name = "github.com/veandco/go-sdl2"
  packages = ["sdl"]
  revision = "271d2ec43388932fd2a80f4c2e81021734685a62"
  version = "v0.3"

[[projects]]
  branch = "master"
  name = "github.com/xlab/android-go"
  packages = ["android","egl","gles2","gles3"]
  revision = "ebf4d6dd1830d02eccda51fa12d4c7c57fc0e851"

[[projects]]
  branch = "master"
  name = "golang.org/x/image"
  packages = ["font","math/f32","math/fixed"]
  revision = "af66defab954cb421ca110193eed9477c8541e2a"

[solve-meta]
  analyzer-name = "dep"
  analyzer-version = 1
  inputs-digest = "850af4db086a76cc5aa9be9bef0d8ec17067d6e071ddda8c652599278793a12a"
  solver-name = "gps-cdcl"
  solver-version = 1
